
Microsoft Visual Studio Solution File, Format Version 12.00
# Visual Studio 15
VisualStudioVersion = 15.0.27703.2018
MinimumVisualStudioVersion = 10.0.40219.1
Project("{FAE04EC0-301F-11D3-BF4B-00C04F79EFBC}") = "WeeklyVerification", "WeeklyVerification\WeeklyVerification.csproj", "{F20576E7-5413-4821-A677-22D7CBF5946B}"
EndProject
Global
	GlobalSection(SolutionConfigurationPlatforms) = preSolution
		Debug|Any CPU = Debug|Any CPU
		Release|Any CPU = Release|Any CPU
	EndGlobalSection
	GlobalSection(ProjectConfigurationPlatforms) = postSolution
		{F20576E7-5413-4821-A677-22D7CBF5946B}.Debug|Any CPU.ActiveCfg = Debug|Any CPU
		{F20576E7-5413-4821-A677-22D7CBF5946B}.Debug|Any CPU.Build.0 = Debug|Any CPU
		{F20576E7-5413-4821-A677-22D7CBF5946B}.Release|Any CPU.ActiveCfg = Release|Any CPU
		{F20576E7-5413-4821-A677-22D7CBF5946B}.Release|Any CPU.Build.0 = Release|Any CPU
	EndGlobalSection
	GlobalSection(SolutionProperties) = preSolution
		HideSolutionNode = FALSE
	EndGlobalSection
	GlobalSection(ExtensibilityGlobals) = postSolution
		SolutionGuid = {92010C24-7E10-4491-95EE-15B6D00F8230}
	EndGlobalSection
EndGlobal
